
Microsoft Visual Studio Solution File, Format Version 12.00
# Visual Studio 15
VisualStudioVersion = 15.0.27130.2027
MinimumVisualStudioVersion = 10.0.40219.1
Project("{AA6C8D78-22FF-423A-9C7C-5F2393824E04}") = "ILSpy.XSharpLanguage", "ILSpy.XSharpLanguage\ILSpy.XSharpLanguage.xsproj", "{C9119BA1-5FF2-4C1A-9F92-5584376E6903}"
EndProject
Global
	GlobalSection(SolutionConfigurationPlatforms) = preSolution
		Debug|Any CPU = Debug|Any CPU
		Release|Any CPU = Release|Any CPU
	EndGlobalSection
	GlobalSection(ProjectConfigurationPlatforms) = postSolution
		{C9119BA1-5FF2-4C1A-9F92-5584376E6903}.Debug|Any CPU.ActiveCfg = Debug|Any CPU
		{C9119BA1-5FF2-4C1A-9F92-5584376E6903}.Debug|Any CPU.Build.0 = Debug|Any CPU
		{C9119BA1-5FF2-4C1A-9F92-5584376E6903}.Release|Any CPU.ActiveCfg = Release|Any CPU
		{C9119BA1-5FF2-4C1A-9F92-5584376E6903}.Release|Any CPU.Build.0 = Release|Any CPU
	EndGlobalSection
	GlobalSection(SolutionProperties) = preSolution
		HideSolutionNode = FALSE
	EndGlobalSection
	GlobalSection(ExtensibilityGlobals) = postSolution
		SolutionGuid = {5076BA32-95E6-408C-A506-348BCB4A4907}
	EndGlobalSection
EndGlobal
